
Microsoft Visual Studio Solution File, Format Version 12.00
# Visual Studio Version 17
VisualStudioVersion = 17.1.32210.238
MinimumVisualStudioVersion = 10.0.40219.1
Project("{FAE04EC0-301F-11D3-BF4B-00C04F79EFBC}") = "sendEmail", "sendEmail\sendEmail.csproj", "{386A2DDD-67C7-4972-83FD-EAB67D902005}"
EndProject
Global
	GlobalSection(SolutionConfigurationPlatforms) = preSolution
		Debug|Any CPU = Debug|Any CPU
		Release|Any CPU = Release|Any CPU
	EndGlobalSection
	GlobalSection(ProjectConfigurationPlatforms) = postSolution
		{386A2DDD-67C7-4972-83FD-EAB67D902005}.Debug|Any CPU.ActiveCfg = Debug|Any CPU
		{386A2DDD-67C7-4972-83FD-EAB67D902005}.Debug|Any CPU.Build.0 = Debug|Any CPU
		{386A2DDD-67C7-4972-83FD-EAB67D902005}.Release|Any CPU.ActiveCfg = Release|Any CPU
		{386A2DDD-67C7-4972-83FD-EAB67D902005}.Release|Any CPU.Build.0 = Release|Any CPU
	EndGlobalSection
	GlobalSection(SolutionProperties) = preSolution
		HideSolutionNode = FALSE
	EndGlobalSection
	GlobalSection(ExtensibilityGlobals) = postSolution
		SolutionGuid = {C073A89B-C33A-415D-A5D7-7A92B9200640}
	EndGlobalSection
EndGlobal
