
Microsoft Visual Studio Solution File, Format Version 12.00
# Visual Studio Version 17
VisualStudioVersion = 17.2.32516.85
MinimumVisualStudioVersion = 10.0.40219.1
Project("{FAE04EC0-301F-11D3-BF4B-00C04F79EFBC}") = "EmailTrab", "EmailTrab\EmailTrab.csproj", "{7231EAEF-3390-48BB-859C-FA5A1A49926C}"
EndProject
Global
	GlobalSection(SolutionConfigurationPlatforms) = preSolution
		Debug|Any CPU = Debug|Any CPU
		Release|Any CPU = Release|Any CPU
	EndGlobalSection
	GlobalSection(ProjectConfigurationPlatforms) = postSolution
		{7231EAEF-3390-48BB-859C-FA5A1A49926C}.Debug|Any CPU.ActiveCfg = Debug|Any CPU
		{7231EAEF-3390-48BB-859C-FA5A1A49926C}.Debug|Any CPU.Build.0 = Debug|Any CPU
		{7231EAEF-3390-48BB-859C-FA5A1A49926C}.Release|Any CPU.ActiveCfg = Release|Any CPU
		{7231EAEF-3390-48BB-859C-FA5A1A49926C}.Release|Any CPU.Build.0 = Release|Any CPU
	EndGlobalSection
	GlobalSection(SolutionProperties) = preSolution
		HideSolutionNode = FALSE
	EndGlobalSection
	GlobalSection(ExtensibilityGlobals) = postSolution
		SolutionGuid = {0C551D79-6430-41D3-8125-7C4F7C5E6201}
	EndGlobalSection
EndGlobal
